
Microsoft Visual Studio Solution File, Format Version 12.00
# Visual Studio Version 17
VisualStudioVersion = 17.14.36212.18 d17.14
MinimumVisualStudioVersion = 10.0.40219.1
Project("{FAE04EC0-301F-11D3-BF4B-00C04F79EFBC}") = "Lab09_01", "Lab09_01\Lab09_01.csproj", "{AC748AD3-98D7-45C6-8E82-745239865AE0}"
EndProject
Global
	GlobalSection(SolutionConfigurationPlatforms) = preSolution
		Debug|Any CPU = Debug|Any CPU
		Release|Any CPU = Release|Any CPU
	EndGlobalSection
	GlobalSection(ProjectConfigurationPlatforms) = postSolution
		{AC748AD3-98D7-45C6-8E82-745239865AE0}.Debug|Any CPU.ActiveCfg = Debug|Any CPU
		{AC748AD3-98D7-45C6-8E82-745239865AE0}.Debug|Any CPU.Build.0 = Debug|Any CPU
		{AC748AD3-98D7-45C6-8E82-745239865AE0}.Release|Any CPU.ActiveCfg = Release|Any CPU
		{AC748AD3-98D7-45C6-8E82-745239865AE0}.Release|Any CPU.Build.0 = Release|Any CPU
	EndGlobalSection
	GlobalSection(SolutionProperties) = preSolution
		HideSolutionNode = FALSE
	EndGlobalSection
	GlobalSection(ExtensibilityGlobals) = postSolution
		SolutionGuid = {D348A0DD-C70B-48B1-9BF8-50D12CDE3D53}
	EndGlobalSection
EndGlobal
